{
  "nodes": {
    "home-manager": {
      "inputs": {
        "nixpkgs": [
          "nixpkgs"
        ]
      },
      "locked": {
        "lastModified": 1779506708,
        "narHash": "sha256-QOD/CNm196nCJRheux/URi4/HE66fthdOMqCJoPP1Y0=",
        "owner": "nix-community",
        "repo": "home-manager",
        "rev": "3ee51fbdac8c8bdfe1e7e1fcaba6520a563f394f",
        "type": "github"
      },
      "original": {
        "owner": "nix-community",
        "ref": "release-25.11",
        "repo": "home-manager",
        "type": "github"
      }
    },
    "nixpkgs": {
      "locked": {
        "lastModified": 1779495359,
        "narHash": "sha256-KZ/9A3gvlKboDm2Kbv4A6KnfA9wMSfebyoEU91HeBn8=",
        "owner": "NixOS",
        "repo": "nixpkgs",
        "rev": "2b76bb8a3c79707f0d0903e486da6d9851654c3c",
        "type": "github"
      },
      "original": {
        "owner": "NixOS",
        "ref": "nixpkgs-25.11-darwin",
        "repo": "nixpkgs",
        "type": "github"
      }
    },
    "nixpkgs-unstable": {
      "locked": {
        "lastModified": 1779536132,
        "narHash": "sha256-q+fF42iv/geEbHfgSzy3tS0FF/EyD6XTZ98E6yxiBO8=",
        "owner": "NixOS",
        "repo": "nixpkgs",
        "rev": "3d8f0f3f72a6cd4d93d0ad13203f2ea1cb7e1456",
        "type": "github"
      },
      "original": {
        "owner": "NixOS",
        "ref": "nixpkgs-unstable",
        "repo": "nixpkgs",
        "type": "github"
      }
    },
    "orbstack-kubernetes": {
      "flake": false,
      "locked": {
        "lastModified": 1779727806,
        "narHash": "sha256-oCP2oee7r+2j4+bxnIjLgpK1eKL/Ts3irga/ZnLhy/w=",
        "owner": "JacobPEvans",
        "repo": "orbstack-kubernetes",
        "rev": "7621f8ec9d7d3b5d5403b7a0e1fe7ee8f3f04a0e",
        "type": "github"
      },
      "original": {
        "owner": "JacobPEvans",
        "repo": "orbstack-kubernetes",
        "type": "github"
      }
    },
    "root": {
      "inputs": {
        "home-manager": "home-manager",
        "nixpkgs": "nixpkgs",
        "nixpkgs-unstable": "nixpkgs-unstable",
        "orbstack-kubernetes": "orbstack-kubernetes"
      }
    }
  },
  "root": "root",
  "version": 7
}
