{
  "nodes": {
    "flake-utils": {
      "inputs": {
        "systems": "systems"
      },
      "locked": {
        "lastModified": 1731533236,
        "narHash": "sha256-l0KFg5HjrsfsO/JpG+r7fRrqm12kzFHyUHqHCVpMMbI=",
        "owner": "numtide",
        "repo": "flake-utils",
        "rev": "11707dc2f618dd54ca8739b309ec4fc024de578b",
        "type": "github"
      },
      "original": {
        "owner": "numtide",
        "repo": "flake-utils",
        "type": "github"
      }
    },
    "home-manager": {
      "inputs": {
        "nixpkgs": [
          "nixpkgs"
        ]
      },
      "locked": {
        "lastModified": 1790215976,
        "narHash": "sha256-VkR1rMGyjU9jtw8ISFx5uqR9e+LEaOlhHwrseFkiIVk=",
        "owner": "nix-community",
        "repo": "home-manager",
        "rev": "a6631107a83ceab5872f298a2ea710859c80c4cb",
        "type": "github"
      },
      "original": {
        "owner": "nix-community",
        "ref": "release-26.05",
        "repo": "home-manager",
        "type": "github"
      }
    },
    "homelab-contracts": {
      "inputs": {
        "flake-utils": "flake-utils",
        "nixpkgs": [
          "nixpkgs"
        ]
      },
      "locked": {
        "lastModified": 1790248910,
        "narHash": "sha256-9QXs5TIrYN5Gm58W/jfOL5hzuvPK3sQtrX0faH3e/6c=",
        "owner": "dryvist",
        "repo": "homelab-contracts",
        "rev": "c1e6373483ab1b56da2c4117fab2710a852c08ba",
        "type": "github"
      },
      "original": {
        "owner": "dryvist",
        "repo": "homelab-contracts",
        "type": "github"
      }
    },
    "nix-ai": {
      "flake": false,
      "locked": {
        "lastModified": 1789248093,
        "narHash": "sha256-O3YByp75zldUB+0UWblZtVvdeJqpxQU5zPwSWUu8ES0=",
        "owner": "dryvist",
        "repo": "nix-ai",
        "rev": "d61512914d0a206f41a238d0769e4680677c5f15",
        "type": "github"
      },
      "original": {
        "owner": "dryvist",
        "repo": "nix-ai",
        "rev": "d61512914d0a206f41a238d0769e4680677c5f15",
        "type": "github"
      }
    },
    "nixpkgs": {
      "locked": {
        "lastModified": 1790117938,
        "narHash": "sha256-KgxFEzwzcmyNe4mqlYtsZjzy40mLcNVKtaeoCf5tCGg=",
        "owner": "NixOS",
        "repo": "nixpkgs",
        "rev": "bd495b825e5c4365131f9b744cce923d42c06158",
        "type": "github"
      },
      "original": {
        "owner": "NixOS",
        "ref": "nixpkgs-26.05-darwin",
        "repo": "nixpkgs",
        "type": "github"
      }
    },
    "nixpkgs-unstable": {
      "locked": {
        "lastModified": 1790238896,
        "narHash": "sha256-ym4BG18Pu2awiJIehla1Lo9xiB2QYRcCzW3SB74gEBY=",
        "owner": "NixOS",
        "repo": "nixpkgs",
        "rev": "34ca302a9572963c02e385c056be37c85ff51b77",
        "type": "github"
      },
      "original": {
        "owner": "NixOS",
        "ref": "nixpkgs-unstable",
        "repo": "nixpkgs",
        "type": "github"
      }
    },
    "orbstack-kubernetes": {
      "flake": false,
      "locked": {
        "lastModified": 1783538898,
        "narHash": "sha256-nfzMube6gHuYX787wMB69Ehsnp6WXYFix+WGYxNQ39I=",
        "owner": "dryvist",
        "repo": "orbstack-kubernetes",
        "rev": "cf46b9fc78be97dca3a7f34c98a66f99939fb7cc",
        "type": "github"
      },
      "original": {
        "owner": "dryvist",
        "repo": "orbstack-kubernetes",
        "type": "github"
      }
    },
    "root": {
      "inputs": {
        "home-manager": "home-manager",
        "homelab-contracts": "homelab-contracts",
        "nix-ai": "nix-ai",
        "nixpkgs": "nixpkgs",
        "nixpkgs-unstable": "nixpkgs-unstable",
        "orbstack-kubernetes": "orbstack-kubernetes"
      }
    },
    "systems": {
      "locked": {
        "lastModified": 1681028828,
        "narHash": "sha256-Vy1rq5AaRuLzOxct8nz4T6wlgyUR7zLU309k9mBC768=",
        "owner": "nix-systems",
        "repo": "default",
        "rev": "da67096a3b9bf56a91d16901293e51ba5b49a27e",
        "type": "github"
      },
      "original": {
        "owner": "nix-systems",
        "repo": "default",
        "type": "github"
      }
    }
  },
  "root": "root",
  "version": 7
}
