{
  "nodes": {
    "flake-utils": {
      "inputs": {
        "systems": "systems"
      },
      "locked": {
        "lastModified": 1731533236,
        "narHash": "sha256-l0KFg5HjrsfsO/JpG+r7fRrqm12kzFHyUHqHCVpMMbI=",
        "owner": "numtide",
        "repo": "flake-utils",
        "rev": "11707dc2f618dd54ca8739b309ec4fc024de578b",
        "type": "github"
      },
      "original": {
        "owner": "numtide",
        "repo": "flake-utils",
        "type": "github"
      }
    },
    "home-manager": {
      "inputs": {
        "nixpkgs": [
          "nixpkgs"
        ]
      },
      "locked": {
        "lastModified": 1790996401,
        "narHash": "sha256-f+kOxEmOUnQazVAmGg0i8hzwgd1kX/geY+k/Dpheye8=",
        "owner": "nix-community",
        "repo": "home-manager",
        "rev": "db7d5e2332710f5abb088f6b5de927d7f9511b35",
        "type": "github"
      },
      "original": {
        "owner": "nix-community",
        "ref": "release-26.05",
        "repo": "home-manager",
        "type": "github"
      }
    },
    "homelab-contracts": {
      "inputs": {
        "flake-utils": "flake-utils",
        "nixpkgs": [
          "nixpkgs"
        ]
      },
      "locked": {
        "lastModified": 1791653913,
        "narHash": "sha256-S3SQ/4FWqewYBCSuFnnzDdck6aH+qXb/x3wnAOJUGZI=",
        "owner": "dryvist",
        "repo": "homelab-contracts",
        "rev": "0e35299b1128102c993fa274dba5d2385d8f06e0",
        "type": "github"
      },
      "original": {
        "owner": "dryvist",
        "repo": "homelab-contracts",
        "type": "github"
      }
    },
    "nix-ai": {
      "flake": false,
      "locked": {
        "lastModified": 1791656867,
        "narHash": "sha256-MrrKBb+ZNrwIoWMh4MocJtNqYzWjidxbR2UpD2eiV3Q=",
        "owner": "dryvist",
        "repo": "nix-ai",
        "rev": "a27653dff2b78ea75aaf57b7eb98e9be6a1f8e62",
        "type": "github"
      },
      "original": {
        "owner": "dryvist",
        "repo": "nix-ai",
        "type": "github"
      }
    },
    "nixpkgs": {
      "locked": {
        "lastModified": 1791447531,
        "narHash": "sha256-AsoGS8G2y3shwAtQWQhgV4Fa3uw6qzFejfqSblOGkhE=",
        "owner": "NixOS",
        "repo": "nixpkgs",
        "rev": "55afc4c3adc7194df3b96d43b7d18bf8131bfcfa",
        "type": "github"
      },
      "original": {
        "owner": "NixOS",
        "ref": "nixpkgs-26.05-darwin",
        "repo": "nixpkgs",
        "type": "github"
      }
    },
    "nixpkgs-unstable": {
      "locked": {
        "lastModified": 1791366222,
        "narHash": "sha256-o0N4g6uSOIppU7CGToNvGlMf5vC+B6O6ukFHKY/TKOY=",
        "owner": "NixOS",
        "repo": "nixpkgs",
        "rev": "39ad350a0602fa0a58a544344e3e9187526ea45c",
        "type": "github"
      },
      "original": {
        "owner": "NixOS",
        "ref": "nixpkgs-unstable",
        "repo": "nixpkgs",
        "type": "github"
      }
    },
    "orbstack-kubernetes": {
      "flake": false,
      "locked": {
        "lastModified": 1783538898,
        "narHash": "sha256-nfzMube6gHuYX787wMB69Ehsnp6WXYFix+WGYxNQ39I=",
        "owner": "dryvist",
        "repo": "orbstack-kubernetes",
        "rev": "cf46b9fc78be97dca3a7f34c98a66f99939fb7cc",
        "type": "github"
      },
      "original": {
        "owner": "dryvist",
        "repo": "orbstack-kubernetes",
        "type": "github"
      }
    },
    "root": {
      "inputs": {
        "home-manager": "home-manager",
        "homelab-contracts": "homelab-contracts",
        "nix-ai": "nix-ai",
        "nixpkgs": "nixpkgs",
        "nixpkgs-unstable": "nixpkgs-unstable",
        "orbstack-kubernetes": "orbstack-kubernetes"
      }
    },
    "systems": {
      "locked": {
        "lastModified": 1681028828,
        "narHash": "sha256-Vy1rq5AaRuLzOxct8nz4T6wlgyUR7zLU309k9mBC768=",
        "owner": "nix-systems",
        "repo": "default",
        "rev": "da67096a3b9bf56a91d16901293e51ba5b49a27e",
        "type": "github"
      },
      "original": {
        "owner": "nix-systems",
        "repo": "default",
        "type": "github"
      }
    }
  },
  "root": "root",
  "version": 7
}
