# Relock flake.lock — the single writer of this repo's lock file
#
# The shared workflow runs a bare `nix flake update`, so every root input moves
# together and lands in ONE pull request on the branch `chore/flake-lock`.
#
# This replaced deps-refresh-nixpkgs.yml on 2026-08-05. That workflow refreshed
# exactly one input per call, so `nixpkgs-unstable` — which feeds
# overlays/python-packages.nix — was never refreshed at all and had frozen 72
# days behind its channel head while every run reported success.
#
# Renovate does not and cannot do this job. It advances an input when the
# input's REFERENCE changes; both nixpkgs pins here are moving channel branches
# whose reference never changes, so Renovate has nothing to diff. Its `nix`
# manager is disabled org-wide (renovate-nix.json) so this workflow stays the
# only writer of flake.lock.
#
# deps-update-flake.yml is a different thing and stays: it runs nix-update
# against packaged programs (git-flow-next, grip), editing version and hash
# strings inside .nix files. It never touches flake.lock.
name: Update flake.lock

on:
  schedule:
    # Thursday 18:00 UTC. GitHub Actions cron is always UTC. The minute differs
    # per repo so the six nix repos do not all fire in the same instant.
    - cron: "19 18 * * 4"
  workflow_dispatch: {}

permissions: {}

jobs:
  relock:
    uses: dryvist/.github/.github/workflows/_update-flake-lock.yml@main
    secrets:
      GH_APP_PRIVATE_KEY: ${{ secrets.GH_APP_PRIVATE_KEY }}
